// !$*UTF8*$!
{
	archiveVersion = 1;
	classes = {
	};
	objectVersion = 46;
	objects = {

/* Begin PBXBuildFile section */
		4AFE71441D47BC6B000F5C67 /* main.m in Sources */ = {isa = PBXBuildFile; fileRef = 4AFE71431D47BC6B000F5C67 /* main.m */; };
		4AFE71471D47BC6B000F5C67 /* AppDelegate.m in Sources */ = {isa = PBXBuildFile; fileRef = 4AFE71461D47BC6B000F5C67 /* AppDelegate.m */; };
		4AFE714A1D47BC6B000F5C67 /* WinningTicketViewController.m in Sources */ = {isa = PBXBuildFile; fileRef = 4AFE71491D47BC6B000F5C67 /* WinningTicketViewController.m */; };
		4AFE714D1D47BC6B000F5C67 /* Main.storyboard in Resources */ = {isa = PBXBuildFile; fileRef = 4AFE714B1D47BC6B000F5C67 /* Main.storyboard */; };
		4AFE714F1D47BC6B000F5C67 /* Assets.xcassets in Resources */ = {isa = PBXBuildFile; fileRef = 4AFE714E1D47BC6B000F5C67 /* Assets.xcassets */; };
		4AFE71521D47BC6B000F5C67 /* LaunchScreen.storyboard in Resources */ = {isa = PBXBuildFile; fileRef = 4AFE71501D47BC6B000F5C67 /* LaunchScreen.storyboard */; };
		4AFE715E1D47CECD000F5C67 /* TicketNumbersTableViewController.m in Sources */ = {isa = PBXBuildFile; fileRef = 4AFE715D1D47CECD000F5C67 /* TicketNumbersTableViewController.m */; };
		4AFE71611D47CF09000F5C67 /* Ticket.m in Sources */ = {isa = PBXBuildFile; fileRef = 4AFE71601D47CF09000F5C67 /* Ticket.m */; };
/* End PBXBuildFile section */

/* Begin PBXFileReference section */
		4AFE713F1D47BC6B000F5C67 /* Jackpot.app */ = {isa = PBXFileReference; explicitFileType = wrapper.application; includeInIndex = 0; path = Jackpot.app; sourceTree = BUILT_PRODUCTS_DIR; };
		4AFE71431D47BC6B000F5C67 /* main.m */ = {isa = PBXFileReference; lastKnownFileType = sourcecode.c.objc; path = main.m; sourceTree = "<group>"; };
		4AFE71451D47BC6B000F5C67 /* AppDelegate.h */ = {isa = PBXFileReference; lastKnownFileType = sourcecode.c.h; path = AppDelegate.h; sourceTree = "<group>"; };
		4AFE71461D47BC6B000F5C67 /* AppDelegate.m */ = {isa = PBXFileReference; lastKnownFileType = sourcecode.c.objc; path = AppDelegate.m; sourceTree = "<group>"; };
		4AFE71481D47BC6B000F5C67 /* WinningTicketViewController.h */ = {isa = PBXFileReference; lastKnownFileType = sourcecode.c.h; path = WinningTicketViewController.h; sourceTree = "<group>"; };
		4AFE71491D47BC6B000F5C67 /* WinningTicketViewController.m */ = {isa = PBXFileReference; lastKnownFileType = sourcecode.c.objc; path = WinningTicketViewController.m; sourceTree = "<group>"; };
		4AFE714C1D47BC6B000F5C67 /* Base */ = {isa = PBXFileReference; lastKnownFileType = file.storyboard; name = Base; path = Base.lproj/Main.storyboard; sourceTree = "<group>"; };
		4AFE714E1D47BC6B000F5C67 /* Assets.xcassets */ = {isa = PBXFileReference; lastKnownFileType = folder.assetcatalog; path = Assets.xcassets; sourceTree = "<group>"; };
		4AFE71511D47BC6B000F5C67 /* Base */ = {isa = PBXFileReference; lastKnownFileType = file.storyboard; name = Base; path = Base.lproj/LaunchScreen.storyboard; sourceTree = "<group>"; };
		4AFE71531D47BC6B000F5C67 /* Info.plist */ = {isa = PBXFileReference; lastKnownFileType = text.plist.xml; path = Info.plist; sourceTree = "<group>"; };
		4AFE715C1D47CECD000F5C67 /* TicketNumbersTableViewController.h */ = {isa = PBXFileReference; fileEncoding = 4; lastKnownFileType = sourcecode.c.h; path = TicketNumbersTableViewController.h; sourceTree = "<group>"; };
		4AFE715D1D47CECD000F5C67 /* TicketNumbersTableViewController.m */ = {isa = PBXFileReference; fileEncoding = 4; lastKnownFileType = sourcecode.c.objc; path = TicketNumbersTableViewController.m; sourceTree = "<group>"; };
		4AFE715F1D47CF09000F5C67 /* Ticket.h */ = {isa = PBXFileReference; fileEncoding = 4; lastKnownFileType = sourcecode.c.h; path = Ticket.h; sourceTree = "<group>"; };
		4AFE71601D47CF09000F5C67 /* Ticket.m */ = {isa = PBXFileReference; fileEncoding = 4; lastKnownFileType = sourcecode.c.objc; path = Ticket.m; sourceTree = "<group>"; };
/* End PBXFileReference section */

/* Begin PBXFrameworksBuildPhase section */
		4AFE713C1D47BC6B000F5C67 /* Frameworks */ = {
			isa = PBXFrameworksBuildPhase;
			buildActionMask = 2147483647;
			files = (
			);
			runOnlyForDeploymentPostprocessing = 0;
		};
/* End PBXFrameworksBuildPhase section */

/* Begin PBXGroup section */
		4AFE71361D47BC6B000F5C67 = {
			isa = PBXGroup;
			children = (
				4AFE71411D47BC6B000F5C67 /* Jackpot */,
				4AFE71401D47BC6B000F5C67 /* Products */,
			);
			sourceTree = "<group>";
		};
		4AFE71401D47BC6B000F5C67 /* Products */ = {
			isa = PBXGroup;
			children = (
				4AFE713F1D47BC6B000F5C67 /* Jackpot.app */,
			);
			name = Products;
			sourceTree = "<group>";
		};
		4AFE71411D47BC6B000F5C67 /* Jackpot */ = {
			isa = PBXGroup;
			children = (
				4AFE71451D47BC6B000F5C67 /* AppDelegate.h */,
				4AFE71461D47BC6B000F5C67 /* AppDelegate.m */,
				4AFE715F1D47CF09000F5C67 /* Ticket.h */,
				4AFE71601D47CF09000F5C67 /* Ticket.m */,
				4AFE71481D47BC6B000F5C67 /* WinningTicketViewController.h */,
				4AFE71491D47BC6B000F5C67 /* WinningTicketViewController.m */,
				4AFE715C1D47CECD000F5C67 /* TicketNumbersTableViewController.h */,
				4AFE715D1D47CECD000F5C67 /* TicketNumbersTableViewController.m */,
				4AFE714B1D47BC6B000F5C67 /* Main.storyboard */,
				4AFE714E1D47BC6B000F5C67 /* Assets.xcassets */,
				4AFE71501D47BC6B000F5C67 /* LaunchScreen.storyboard */,
				4AFE71531D47BC6B000F5C67 /* Info.plist */,
				4AFE71421D47BC6B000F5C67 /* Supporting Files */,
			);
			path = Jackpot;
			sourceTree = "<group>";
		};
		4AFE71421D47BC6B000F5C67 /* Supporting Files */ = {
			isa = PBXGroup;
			children = (
				4AFE71431D47BC6B000F5C67 /* main.m */,
			);
			name = "Supporting Files";
			sourceTree = "<group>";
		};
/* End PBXGroup section */

/* Begin PBXNativeTarget section */
		4AFE713E1D47BC6B000F5C67 /* Jackpot */ = {
			isa = PBXNativeTarget;
			buildConfigurationList = 4AFE71561D47BC6B000F5C67 /* Build configuration list for PBXNativeTarget "Jackpot" */;
			buildPhases = (
				4AFE713B1D47BC6B000F5C67 /* Sources */,
				4AFE713C1D47BC6B000F5C67 /* Frameworks */,
				4AFE713D1D47BC6B000F5C67 /* Resources */,
			);
			buildRules = (
			);
			dependencies = (
			);
			name = Jackpot;
			productName = Jackpot;
			productReference = 4AFE713F1D47BC6B000F5C67 /* Jackpot.app */;
			productType = "com.apple.product-type.application";
		};
/* End PBXNativeTarget section */

/* Begin PBXProject section */
		4AFE71371D47BC6B000F5C67 /* Project object */ = {
			isa = PBXProject;
			attributes = {
				LastUpgradeCheck = 0730;
				ORGANIZATIONNAME = "Gregory Weiss";
				TargetAttributes = {
					4AFE713E1D47BC6B000F5C67 = {
						CreatedOnToolsVersion = 7.3.1;
					};
				};
			};
			buildConfigurationList = 4AFE713A1D47BC6B000F5C67 /* Build configuration list for PBXProject "Jackpot" */;
			compatibilityVersion = "Xcode 3.2";
			developmentRegion = English;
			hasScannedForEncodings = 0;
			knownRegions = (
				en,
				Base,
			);
			mainGroup = 4AFE71361D47BC6B000F5C67;
			productRefGroup = 4AFE71401D47BC6B000F5C67 /* Products */;
			projectDirPath = "";
			projectRoot = "";
			targets = (
				4AFE713E1D47BC6B000F5C67 /* Jackpot */,
			);
		};
/* End PBXProject section */

/* Begin PBXResourcesBuildPhase section */
		4AFE713D1D47BC6B000F5C67 /* Resources */ = {
			isa = PBXResourcesBuildPhase;
			buildActionMask = 2147483647;
			files = (
				4AFE71521D47BC6B000F5C67 /* LaunchScreen.storyboard in Resources */,
				4AFE714F1D47BC6B000F5C67 /* Assets.xcassets in Resources */,
				4AFE714D1D47BC6B000F5C67 /* Main.storyboard in Resources */,
			);
			runOnlyForDeploymentPostprocessing = 0;
		};
/* End PBXResourcesBuildPhase section */

/* Begin PBXSourcesBuildPhase section */
		4AFE713B1D47BC6B000F5C67 /* Sources */ = {
			isa = PBXSourcesBuildPhase;
			buildActionMask = 2147483647;
			files = (
				4AFE71611D47CF09000F5C67 /* Ticket.m in Sources */,
				4AFE715E1D47CECD000F5C67 /* TicketNumbersTableViewController.m in Sources */,
				4AFE714A1D47BC6B000F5C67 /* WinningTicketViewController.m in Sources */,
				4AFE71471D47BC6B000F5C67 /* AppDelegate.m in Sources */,
				4AFE71441D47BC6B000F5C67 /* main.m in Sources */,
			);
			runOnlyForDeploymentPostprocessing = 0;
		};
/* End PBXSourcesBuildPhase section */

/* Begin PBXVariantGroup section */
		4AFE714B1D47BC6B000F5C67 /* Main.storyboard */ = {
			isa = PBXVariantGroup;
			children = (
				4AFE714C1D47BC6B000F5C67 /* Base */,
			);
			name = Main.storyboard;
			sourceTree = "<group>";
		};
		4AFE71501D47BC6B000F5C67 /* LaunchScreen.storyboard */ = {
			isa = PBXVariantGroup;
			children = (
				4AFE71511D47BC6B000F5C67 /* Base */,
			);
			name = LaunchScreen.storyboard;
			sourceTree = "<group>";
		};
/* End PBXVariantGroup section */

/* Begin XCBuildConfiguration section */
		4AFE71541D47BC6B000F5C67 /* Debug */ = {
			isa = XCBuildConfiguration;
			buildSettings = {
				ALWAYS_SEARCH_USER_PATHS = NO;
				CLANG_ANALYZER_NONNULL = YES;
				CLANG_CXX_LANGUAGE_STANDARD = "gnu++0x";
				CLANG_CXX_LIBRARY = "libc++";
				CLANG_ENABLE_MODULES = YES;
				CLANG_ENABLE_OBJC_ARC = YES;
				CLANG_WARN_BOOL_CONVERSION = YES;
				CLANG_WARN_CONSTANT_CONVERSION = YES;
				CLANG_WARN_DIRECT_OBJC_ISA_USAGE = YES_ERROR;
				CLANG_WARN_EMPTY_BODY = YES;
				CLANG_WARN_ENUM_CONVERSION = YES;
				CLANG_WARN_INT_CONVERSION = YES;
				CLANG_WARN_OBJC_ROOT_CLASS = YES_ERROR;
				CLANG_WARN_UNREACHABLE_CODE = YES;
				CLANG_WARN__DUPLICATE_METHOD_MATCH = YES;
				"CODE_SIGN_IDENTITY[sdk=iphoneos*]" = "iPhone Developer";
				COPY_PHASE_STRIP = NO;
				DEBUG_INFORMATION_FORMAT = dwarf;
				ENABLE_STRICT_OBJC_MSGSEND = YES;
				ENABLE_TESTABILITY = YES;
				GCC_C_LANGUAGE_STANDARD = gnu99;
				GCC_DYNAMIC_NO_PIC = NO;
				GCC_NO_COMMON_BLOCKS = YES;
				GCC_OPTIMIZATION_LEVEL = 0;
				GCC_PREPROCESSOR_DEFINITIONS = (
					"DEBUG=1",
					"$(inherited)",
				);
				GCC_WARN_64_TO_32_BIT_CONVERSION = YES;
				GCC_WARN_ABOUT_RETURN_TYPE = YES_ERROR;
				GCC_WARN_UNDECLARED_SELECTOR = YES;
				GCC_WARN_UNINITIALIZED_AUTOS = YES_AGGRESSIVE;
				GCC_WARN_UNUSED_FUNCTION = YES;
				GCC_WARN_UNUSED_VARIABLE = YES;
				IPHONEOS_DEPLOYMENT_TARGET = 9.3;
				MTL_ENABLE_DEBUG_INFO = YES;
				ONLY_ACTIVE_ARCH = YES;
				SDKROOT = iphoneos;
			};
			name = Debug;
		};
		4AFE71551D47BC6B000F5C67 /* Release */ = {
			isa = XCBuildConfiguration;
			buildSettings = {
				ALWAYS_SEARCH_USER_PATHS = NO;
				CLANG_ANALYZER_NONNULL = YES;
				CLANG_CXX_LANGUAGE_STANDARD = "gnu++0x";
				CLANG_CXX_LIBRARY = "libc++";
				CLANG_ENABLE_MODULES = YES;
				CLANG_ENABLE_OBJC_ARC = YES;
				CLANG_WARN_BOOL_CONVERSION = YES;
				CLANG_WARN_CONSTANT_CONVERSION = YES;
				CLANG_WARN_DIRECT_OBJC_ISA_USAGE = YES_ERROR;
				CLANG_WARN_EMPTY_BODY = YES;
				CLANG_WARN_ENUM_CONVERSION = YES;
				CLANG_WARN_INT_CONVERSION = YES;
				CLANG_WARN_OBJC_ROOT_CLASS = YES_ERROR;
				CLANG_WARN_UNREACHABLE_CODE = YES;
				CLANG_WARN__DUPLICATE_METHOD_MATCH = YES;
				"CODE_SIGN_IDENTITY[sdk=iphoneos*]" = "iPhone Developer";
				COPY_PHASE_STRIP = NO;
				DEBUG_INFORMATION_FORMAT = "dwarf-with-dsym";
				ENABLE_NS_ASSERTIONS = NO;
				ENABLE_STRICT_OBJC_MSGSEND = YES;
				GCC_C_LANGUAGE_STANDARD = gnu99;
				GCC_NO_COMMON_BLOCKS = YES;
				GCC_WARN_64_TO_32_BIT_CONVERSION = YES;
				GCC_WARN_ABOUT_RETURN_TYPE = YES_ERROR;
				GCC_WARN_UNDECLARED_SELECTOR = YES;
				GCC_WARN_UNINITIALIZED_AUTOS = YES_AGGRESSIVE;
				GCC_WARN_UNUSED_FUNCTION = YES;
				GCC_WARN_UNUSED_VARIABLE = YES;
				IPHONEOS_DEPLOYMENT_TARGET = 9.3;
				MTL_ENABLE_DEBUG_INFO = NO;
				SDKROOT = iphoneos;
				VALIDATE_PRODUCT = YES;
			};
			name = Release;
		};
		4AFE71571D47BC6B000F5C67 /* Debug */ = {
			isa = XCBuildConfiguration;
			buildSettings = {
				ASSETCATALOG_COMPILER_APPICON_NAME = AppIcon;
				INFOPLIST_FILE = Jackpot/Info.plist;
				LD_RUNPATH_SEARCH_PATHS = "$(inherited) @executable_path/Frameworks";
				PRODUCT_BUNDLE_IDENTIFIER = com.gerusa04.Jackpot;
				PRODUCT_NAME = "$(TARGET_NAME)";
			};
			name = Debug;
		};
		4AFE71581D47BC6B000F5C67 /* Release */ = {
			isa = XCBuildConfiguration;
			buildSettings = {
				ASSETCATALOG_COMPILER_APPICON_NAME = AppIcon;
				INFOPLIST_FILE = Jackpot/Info.plist;
				LD_RUNPATH_SEARCH_PATHS = "$(inherited) @executable_path/Frameworks";
				PRODUCT_BUNDLE_IDENTIFIER = com.gerusa04.Jackpot;
				PRODUCT_NAME = "$(TARGET_NAME)";
			};
			name = Release;
		};
/* End XCBuildConfiguration section */

/* Begin XCConfigurationList section */
		4AFE713A1D47BC6B000F5C67 /* Build configuration list for PBXProject "Jackpot" */ = {
			isa = XCConfigurationList;
			buildConfigurations = (
				4AFE71541D47BC6B000F5C67 /* Debug */,
				4AFE71551D47BC6B000F5C67 /* Release */,
			);
			defaultConfigurationIsVisible = 0;
			defaultConfigurationName = Release;
		};
		4AFE71561D47BC6B000F5C67 /* Build configuration list for PBXNativeTarget "Jackpot" */ = {
			isa = XCConfigurationList;
			buildConfigurations = (
				4AFE71571D47BC6B000F5C67 /* Debug */,
				4AFE71581D47BC6B000F5C67 /* Release */,
			);
			defaultConfigurationIsVisible = 0;
		};
/* End XCConfigurationList section */
	};
	rootObject = 4AFE71371D47BC6B000F5C67 /* Project object */;
}
